// !$*UTF8*$!
{
	archiveVersion = 1;
	classes = {
	};
	objectVersion = 56;
	objects = {

/* Begin PBXBuildFile section */
		50515BD9291BF5260065F89F /* DataTransferService.swift in Sources */ = {isa = PBXBuildFile; fileRef = 50DCF14C291A5CB7001A17A8 /* DataTransferService.swift */; };
		50515BDA291BF52A0065F89F /* Endpoint.swift in Sources */ = {isa = PBXBuildFile; fileRef = 50DCF148291A5A79001A17A8 /* Endpoint.swift */; };
		50515BDC291BF84B0065F89F /* DataTransferServiceTests.swift in Sources */ = {isa = PBXBuildFile; fileRef = 50515BDB291BF84B0065F89F /* DataTransferServiceTests.swift */; };
		50515BE1291BFACE0065F89F /* FoodAPIEndpoints.swift in Sources */ = {isa = PBXBuildFile; fileRef = 50515BE0291BFACE0065F89F /* FoodAPIEndpoints.swift */; };
		50515BE4291BFBB80065F89F /* FoodRequestDTO+mapping.swift in Sources */ = {isa = PBXBuildFile; fileRef = 50515BE3291BFBB80065F89F /* FoodRequestDTO+mapping.swift */; };
		50515BE6291BFC2A0065F89F /* FoodNutritionalInfoDTO+mapping.swift in Sources */ = {isa = PBXBuildFile; fileRef = 50515BE5291BFC2A0065F89F /* FoodNutritionalInfoDTO+mapping.swift */; };
		50515BE8291BFD830065F89F /* GeneralResponse.swift in Sources */ = {isa = PBXBuildFile; fileRef = 50515BE7291BFD830065F89F /* GeneralResponse.swift */; };
		50DCF131291A5738001A17A8 /* NutritionalApp.swift in Sources */ = {isa = PBXBuildFile; fileRef = 50DCF130291A5738001A17A8 /* NutritionalApp.swift */; };
		50DCF133291A5738001A17A8 /* HomeView.swift in Sources */ = {isa = PBXBuildFile; fileRef = 50DCF132291A5738001A17A8 /* HomeView.swift */; };
		50DCF135291A573A001A17A8 /* Assets.xcassets in Resources */ = {isa = PBXBuildFile; fileRef = 50DCF134291A573A001A17A8 /* Assets.xcassets */; };
		50DCF138291A573A001A17A8 /* Preview Assets.xcassets in Resources */ = {isa = PBXBuildFile; fileRef = 50DCF137291A573A001A17A8 /* Preview Assets.xcassets */; };
		50DCF147291A5A24001A17A8 /* NetworkConfig.swift in Sources */ = {isa = PBXBuildFile; fileRef = 50DCF146291A5A24001A17A8 /* NetworkConfig.swift */; };
		50DCF149291A5A79001A17A8 /* Endpoint.swift in Sources */ = {isa = PBXBuildFile; fileRef = 50DCF148291A5A79001A17A8 /* Endpoint.swift */; };
		50DCF14B291A5BD6001A17A8 /* NetworkService.swift in Sources */ = {isa = PBXBuildFile; fileRef = 50DCF14A291A5BD6001A17A8 /* NetworkService.swift */; };
		50DCF14D291A5CB7001A17A8 /* DataTransferService.swift in Sources */ = {isa = PBXBuildFile; fileRef = 50DCF14C291A5CB7001A17A8 /* DataTransferService.swift */; };
		50DCF15E291A5E08001A17A8 /* NetworkConfigurableMock.swift in Sources */ = {isa = PBXBuildFile; fileRef = 50DCF15D291A5E08001A17A8 /* NetworkConfigurableMock.swift */; };
		50DCF161291A5E2C001A17A8 /* NetworkSessionManagerMock.swift in Sources */ = {isa = PBXBuildFile; fileRef = 50DCF160291A5E2C001A17A8 /* NetworkSessionManagerMock.swift */; };
		50DCF162291A5E4D001A17A8 /* NetworkService.swift in Sources */ = {isa = PBXBuildFile; fileRef = 50DCF14A291A5BD6001A17A8 /* NetworkService.swift */; };
		50DCF165291A7CBC001A17A8 /* NetworkConfig.swift in Sources */ = {isa = PBXBuildFile; fileRef = 50DCF146291A5A24001A17A8 /* NetworkConfig.swift */; };
		50DCF167291A82F1001A17A8 /* NetworkServiceTests.swift in Sources */ = {isa = PBXBuildFile; fileRef = 50DCF166291A82F1001A17A8 /* NetworkServiceTests.swift */; };
/* End PBXBuildFile section */

/* Begin PBXContainerItemProxy section */
		50DCF156291A5DC9001A17A8 /* PBXContainerItemProxy */ = {
			isa = PBXContainerItemProxy;
			containerPortal = 50DCF125291A5738001A17A8 /* Project object */;
			proxyType = 1;
			remoteGlobalIDString = 50DCF12C291A5738001A17A8;
			remoteInfo = Nutritional;
		};
/* End PBXContainerItemProxy section */

/* Begin PBXFileReference section */
		50515BDB291BF84B0065F89F /* DataTransferServiceTests.swift */ = {isa = PBXFileReference; lastKnownFileType = sourcecode.swift; path = DataTransferServiceTests.swift; sourceTree = "<group>"; };
		50515BE0291BFACE0065F89F /* FoodAPIEndpoints.swift */ = {isa = PBXFileReference; lastKnownFileType = sourcecode.swift; path = FoodAPIEndpoints.swift; sourceTree = "<group>"; };
		50515BE3291BFBB80065F89F /* FoodRequestDTO+mapping.swift */ = {isa = PBXFileReference; lastKnownFileType = sourcecode.swift; path = "FoodRequestDTO+mapping.swift"; sourceTree = "<group>"; };
		50515BE5291BFC2A0065F89F /* FoodNutritionalInfoDTO+mapping.swift */ = {isa = PBXFileReference; lastKnownFileType = sourcecode.swift; path = "FoodNutritionalInfoDTO+mapping.swift"; sourceTree = "<group>"; };
		50515BE7291BFD830065F89F /* GeneralResponse.swift */ = {isa = PBXFileReference; lastKnownFileType = sourcecode.swift; path = GeneralResponse.swift; sourceTree = "<group>"; };
		50DCF12D291A5738001A17A8 /* Nutritional.app */ = {isa = PBXFileReference; explicitFileType = wrapper.application; includeInIndex = 0; path = Nutritional.app; sourceTree = BUILT_PRODUCTS_DIR; };
		50DCF130291A5738001A17A8 /* NutritionalApp.swift */ = {isa = PBXFileReference; lastKnownFileType = sourcecode.swift; path = NutritionalApp.swift; sourceTree = "<group>"; };
		50DCF132291A5738001A17A8 /* HomeView.swift */ = {isa = PBXFileReference; lastKnownFileType = sourcecode.swift; path = HomeView.swift; sourceTree = "<group>"; };
		50DCF134291A573A001A17A8 /* Assets.xcassets */ = {isa = PBXFileReference; lastKnownFileType = folder.assetcatalog; path = Assets.xcassets; sourceTree = "<group>"; };
		50DCF137291A573A001A17A8 /* Preview Assets.xcassets */ = {isa = PBXFileReference; lastKnownFileType = folder.assetcatalog; path = "Preview Assets.xcassets"; sourceTree = "<group>"; };
		50DCF146291A5A24001A17A8 /* NetworkConfig.swift */ = {isa = PBXFileReference; lastKnownFileType = sourcecode.swift; path = NetworkConfig.swift; sourceTree = "<group>"; };
		50DCF148291A5A79001A17A8 /* Endpoint.swift */ = {isa = PBXFileReference; lastKnownFileType = sourcecode.swift; path = Endpoint.swift; sourceTree = "<group>"; };
		50DCF14A291A5BD6001A17A8 /* NetworkService.swift */ = {isa = PBXFileReference; lastKnownFileType = sourcecode.swift; path = NetworkService.swift; sourceTree = "<group>"; };
		50DCF14C291A5CB7001A17A8 /* DataTransferService.swift */ = {isa = PBXFileReference; lastKnownFileType = sourcecode.swift; path = DataTransferService.swift; sourceTree = "<group>"; };
		50DCF152291A5DC9001A17A8 /* NutritionalTests.xctest */ = {isa = PBXFileReference; explicitFileType = wrapper.cfbundle; includeInIndex = 0; path = NutritionalTests.xctest; sourceTree = BUILT_PRODUCTS_DIR; };
		50DCF15D291A5E08001A17A8 /* NetworkConfigurableMock.swift */ = {isa = PBXFileReference; lastKnownFileType = sourcecode.swift; path = NetworkConfigurableMock.swift; sourceTree = "<group>"; };
		50DCF160291A5E2C001A17A8 /* NetworkSessionManagerMock.swift */ = {isa = PBXFileReference; lastKnownFileType = sourcecode.swift; path = NetworkSessionManagerMock.swift; sourceTree = "<group>"; };
		50DCF166291A82F1001A17A8 /* NetworkServiceTests.swift */ = {isa = PBXFileReference; lastKnownFileType = sourcecode.swift; path = NetworkServiceTests.swift; sourceTree = "<group>"; };
/* End PBXFileReference section */

/* Begin PBXFrameworksBuildPhase section */
		50DCF12A291A5738001A17A8 /* Frameworks */ = {
			isa = PBXFrameworksBuildPhase;
			buildActionMask = 2147483647;
			files = (
			);
			runOnlyForDeploymentPostprocessing = 0;
		};
		50DCF14F291A5DC9001A17A8 /* Frameworks */ = {
			isa = PBXFrameworksBuildPhase;
			buildActionMask = 2147483647;
			files = (
			);
			runOnlyForDeploymentPostprocessing = 0;
		};
/* End PBXFrameworksBuildPhase section */

/* Begin PBXGroup section */
		50515BDE291BFA890065F89F /* Data */ = {
			isa = PBXGroup;
			children = (
				50515BDF291BFA9A0065F89F /* Network */,
			);
			path = Data;
			sourceTree = "<group>";
		};
		50515BDF291BFA9A0065F89F /* Network */ = {
			isa = PBXGroup;
			children = (
				50515BE2291BFBA10065F89F /* DataMapping */,
				50515BE0291BFACE0065F89F /* FoodAPIEndpoints.swift */,
			);
			path = Network;
			sourceTree = "<group>";
		};
		50515BE2291BFBA10065F89F /* DataMapping */ = {
			isa = PBXGroup;
			children = (
				50515BE3291BFBB80065F89F /* FoodRequestDTO+mapping.swift */,
				50515BE5291BFC2A0065F89F /* FoodNutritionalInfoDTO+mapping.swift */,
				50515BE7291BFD830065F89F /* GeneralResponse.swift */,
			);
			path = DataMapping;
			sourceTree = "<group>";
		};
		50DCF124291A5738001A17A8 = {
			isa = PBXGroup;
			children = (
				50DCF12F291A5738001A17A8 /* Nutritional */,
				50DCF153291A5DC9001A17A8 /* NutritionalTests */,
				50DCF12E291A5738001A17A8 /* Products */,
			);
			sourceTree = "<group>";
		};
		50DCF12E291A5738001A17A8 /* Products */ = {
			isa = PBXGroup;
			children = (
				50DCF12D291A5738001A17A8 /* Nutritional.app */,
				50DCF152291A5DC9001A17A8 /* NutritionalTests.xctest */,
			);
			name = Products;
			sourceTree = "<group>";
		};
		50DCF12F291A5738001A17A8 /* Nutritional */ = {
			isa = PBXGroup;
			children = (
				50DCF140291A582D001A17A8 /* Application */,
				50515BDE291BFA890065F89F /* Data */,
				50DCF142291A585C001A17A8 /* Infrastructure */,
				50DCF13E291A581D001A17A8 /* UI */,
				50DCF141291A583A001A17A8 /* Resources */,
				50DCF136291A573A001A17A8 /* Preview Content */,
			);
			path = Nutritional;
			sourceTree = "<group>";
		};
		50DCF136291A573A001A17A8 /* Preview Content */ = {
			isa = PBXGroup;
			children = (
				50DCF137291A573A001A17A8 /* Preview Assets.xcassets */,
			);
			path = "Preview Content";
			sourceTree = "<group>";
		};
		50DCF13E291A581D001A17A8 /* UI */ = {
			isa = PBXGroup;
			children = (
				50DCF13F291A5824001A17A8 /* HomeView */,
			);
			path = UI;
			sourceTree = "<group>";
		};
		50DCF13F291A5824001A17A8 /* HomeView */ = {
			isa = PBXGroup;
			children = (
				50DCF132291A5738001A17A8 /* HomeView.swift */,
			);
			path = HomeView;
			sourceTree = "<group>";
		};
		50DCF140291A582D001A17A8 /* Application */ = {
			isa = PBXGroup;
			children = (
				50DCF130291A5738001A17A8 /* NutritionalApp.swift */,
			);
			path = Application;
			sourceTree = "<group>";
		};
		50DCF141291A583A001A17A8 /* Resources */ = {
			isa = PBXGroup;
			children = (
				50DCF134291A573A001A17A8 /* Assets.xcassets */,
			);
			path = Resources;
			sourceTree = "<group>";
		};
		50DCF142291A585C001A17A8 /* Infrastructure */ = {
			isa = PBXGroup;
			children = (
				50DCF145291A599A001A17A8 /* Network */,
			);
			path = Infrastructure;
			sourceTree = "<group>";
		};
		50DCF145291A599A001A17A8 /* Network */ = {
			isa = PBXGroup;
			children = (
				50DCF146291A5A24001A17A8 /* NetworkConfig.swift */,
				50DCF148291A5A79001A17A8 /* Endpoint.swift */,
				50DCF14A291A5BD6001A17A8 /* NetworkService.swift */,
				50DCF14C291A5CB7001A17A8 /* DataTransferService.swift */,
			);
			path = Network;
			sourceTree = "<group>";
		};
		50DCF153291A5DC9001A17A8 /* NutritionalTests */ = {
			isa = PBXGroup;
			children = (
				50DCF15B291A5DD9001A17A8 /* Infrastructure */,
			);
			path = NutritionalTests;
			sourceTree = "<group>";
		};
		50DCF15B291A5DD9001A17A8 /* Infrastructure */ = {
			isa = PBXGroup;
			children = (
				50DCF15F291A5E1E001A17A8 /* Mocks */,
				50DCF166291A82F1001A17A8 /* NetworkServiceTests.swift */,
				50515BDB291BF84B0065F89F /* DataTransferServiceTests.swift */,
			);
			path = Infrastructure;
			sourceTree = "<group>";
		};
		50DCF15F291A5E1E001A17A8 /* Mocks */ = {
			isa = PBXGroup;
			children = (
				50DCF15D291A5E08001A17A8 /* NetworkConfigurableMock.swift */,
				50DCF160291A5E2C001A17A8 /* NetworkSessionManagerMock.swift */,
			);
			path = Mocks;
			sourceTree = "<group>";
		};
/* End PBXGroup section */

/* Begin PBXNativeTarget section */
		50DCF12C291A5738001A17A8 /* Nutritional */ = {
			isa = PBXNativeTarget;
			buildConfigurationList = 50DCF13B291A573A001A17A8 /* Build configuration list for PBXNativeTarget "Nutritional" */;
			buildPhases = (
				50DCF129291A5738001A17A8 /* Sources */,
				50DCF12A291A5738001A17A8 /* Frameworks */,
				50DCF12B291A5738001A17A8 /* Resources */,
			);
			buildRules = (
			);
			dependencies = (
			);
			name = Nutritional;
			productName = Nutritional;
			productReference = 50DCF12D291A5738001A17A8 /* Nutritional.app */;
			productType = "com.apple.product-type.application";
		};
		50DCF151291A5DC9001A17A8 /* NutritionalTests */ = {
			isa = PBXNativeTarget;
			buildConfigurationList = 50DCF158291A5DC9001A17A8 /* Build configuration list for PBXNativeTarget "NutritionalTests" */;
			buildPhases = (
				50DCF14E291A5DC9001A17A8 /* Sources */,
				50DCF14F291A5DC9001A17A8 /* Frameworks */,
				50DCF150291A5DC9001A17A8 /* Resources */,
			);
			buildRules = (
			);
			dependencies = (
				50DCF157291A5DC9001A17A8 /* PBXTargetDependency */,
			);
			name = NutritionalTests;
			productName = NutritionalTests;
			productReference = 50DCF152291A5DC9001A17A8 /* NutritionalTests.xctest */;
			productType = "com.apple.product-type.bundle.unit-test";
		};
/* End PBXNativeTarget section */

/* Begin PBXProject section */
		50DCF125291A5738001A17A8 /* Project object */ = {
			isa = PBXProject;
			attributes = {
				BuildIndependentTargetsInParallel = 1;
				LastSwiftUpdateCheck = 1400;
				LastUpgradeCheck = 1400;
				TargetAttributes = {
					50DCF12C291A5738001A17A8 = {
						CreatedOnToolsVersion = 14.0.1;
					};
					50DCF151291A5DC9001A17A8 = {
						CreatedOnToolsVersion = 14.0.1;
						LastSwiftMigration = 1400;
						TestTargetID = 50DCF12C291A5738001A17A8;
					};
				};
			};
			buildConfigurationList = 50DCF128291A5738001A17A8 /* Build configuration list for PBXProject "Nutritional" */;
			compatibilityVersion = "Xcode 14.0";
			developmentRegion = en;
			hasScannedForEncodings = 0;
			knownRegions = (
				en,
				Base,
			);
			mainGroup = 50DCF124291A5738001A17A8;
			productRefGroup = 50DCF12E291A5738001A17A8 /* Products */;
			projectDirPath = "";
			projectRoot = "";
			targets = (
				50DCF12C291A5738001A17A8 /* Nutritional */,
				50DCF151291A5DC9001A17A8 /* NutritionalTests */,
			);
		};
/* End PBXProject section */

/* Begin PBXResourcesBuildPhase section */
		50DCF12B291A5738001A17A8 /* Resources */ = {
			isa = PBXResourcesBuildPhase;
			buildActionMask = 2147483647;
			files = (
				50DCF138291A573A001A17A8 /* Preview Assets.xcassets in Resources */,
				50DCF135291A573A001A17A8 /* Assets.xcassets in Resources */,
			);
			runOnlyForDeploymentPostprocessing = 0;
		};
		50DCF150291A5DC9001A17A8 /* Resources */ = {
			isa = PBXResourcesBuildPhase;
			buildActionMask = 2147483647;
			files = (
			);
			runOnlyForDeploymentPostprocessing = 0;
		};
/* End PBXResourcesBuildPhase section */

/* Begin PBXSourcesBuildPhase section */
		50DCF129291A5738001A17A8 /* Sources */ = {
			isa = PBXSourcesBuildPhase;
			buildActionMask = 2147483647;
			files = (
				50DCF14D291A5CB7001A17A8 /* DataTransferService.swift in Sources */,
				50515BE1291BFACE0065F89F /* FoodAPIEndpoints.swift in Sources */,
				50DCF14B291A5BD6001A17A8 /* NetworkService.swift in Sources */,
				50DCF133291A5738001A17A8 /* HomeView.swift in Sources */,
				50DCF131291A5738001A17A8 /* NutritionalApp.swift in Sources */,
				50DCF149291A5A79001A17A8 /* Endpoint.swift in Sources */,
				50515BE6291BFC2A0065F89F /* FoodNutritionalInfoDTO+mapping.swift in Sources */,
				50515BE4291BFBB80065F89F /* FoodRequestDTO+mapping.swift in Sources */,
				50DCF147291A5A24001A17A8 /* NetworkConfig.swift in Sources */,
				50515BE8291BFD830065F89F /* GeneralResponse.swift in Sources */,
			);
			runOnlyForDeploymentPostprocessing = 0;
		};
		50DCF14E291A5DC9001A17A8 /* Sources */ = {
			isa = PBXSourcesBuildPhase;
			buildActionMask = 2147483647;
			files = (
				50515BDA291BF52A0065F89F /* Endpoint.swift in Sources */,
				50515BD9291BF5260065F89F /* DataTransferService.swift in Sources */,
				50DCF15E291A5E08001A17A8 /* NetworkConfigurableMock.swift in Sources */,
				50DCF167291A82F1001A17A8 /* NetworkServiceTests.swift in Sources */,
				50515BDC291BF84B0065F89F /* DataTransferServiceTests.swift in Sources */,
				50DCF162291A5E4D001A17A8 /* NetworkService.swift in Sources */,
				50DCF165291A7CBC001A17A8 /* NetworkConfig.swift in Sources */,
				50DCF161291A5E2C001A17A8 /* NetworkSessionManagerMock.swift in Sources */,
			);
			runOnlyForDeploymentPostprocessing = 0;
		};
/* End PBXSourcesBuildPhase section */

/* Begin PBXTargetDependency section */
		50DCF157291A5DC9001A17A8 /* PBXTargetDependency */ = {
			isa = PBXTargetDependency;
			target = 50DCF12C291A5738001A17A8 /* Nutritional */;
			targetProxy = 50DCF156291A5DC9001A17A8 /* PBXContainerItemProxy */;
		};
/* End PBXTargetDependency section */

/* Begin XCBuildConfiguration section */
		50DCF139291A573A001A17A8 /* Debug */ = {
			isa = XCBuildConfiguration;
			buildSettings = {
				ALWAYS_SEARCH_USER_PATHS = NO;
				CLANG_ANALYZER_NONNULL = YES;
				CLANG_ANALYZER_NUMBER_OBJECT_CONVERSION = YES_AGGRESSIVE;
				CLANG_CXX_LANGUAGE_STANDARD = "gnu++20";
				CLANG_ENABLE_MODULES = YES;
				CLANG_ENABLE_OBJC_ARC = YES;
				CLANG_ENABLE_OBJC_WEAK = YES;
				CLANG_WARN_BLOCK_CAPTURE_AUTORELEASING = YES;
				CLANG_WARN_BOOL_CONVERSION = YES;
				CLANG_WARN_COMMA = YES;
				CLANG_WARN_CONSTANT_CONVERSION = YES;
				CLANG_WARN_DEPRECATED_OBJC_IMPLEMENTATIONS = YES;
				CLANG_WARN_DIRECT_OBJC_ISA_USAGE = YES_ERROR;
				CLANG_WARN_DOCUMENTATION_COMMENTS = YES;
				CLANG_WARN_EMPTY_BODY = YES;
				CLANG_WARN_ENUM_CONVERSION = YES;
				CLANG_WARN_INFINITE_RECURSION = YES;
				CLANG_WARN_INT_CONVERSION = YES;
				CLANG_WARN_NON_LITERAL_NULL_CONVERSION = YES;
				CLANG_WARN_OBJC_IMPLICIT_RETAIN_SELF = YES;
				CLANG_WARN_OBJC_LITERAL_CONVERSION = YES;
				CLANG_WARN_OBJC_ROOT_CLASS = YES_ERROR;
				CLANG_WARN_QUOTED_INCLUDE_IN_FRAMEWORK_HEADER = YES;
				CLANG_WARN_RANGE_LOOP_ANALYSIS = YES;
				CLANG_WARN_STRICT_PROTOTYPES = YES;
				CLANG_WARN_SUSPICIOUS_MOVE = YES;
				CLANG_WARN_UNGUARDED_AVAILABILITY = YES_AGGRESSIVE;
				CLANG_WARN_UNREACHABLE_CODE = YES;
				CLANG_WARN__DUPLICATE_METHOD_MATCH = YES;
				COPY_PHASE_STRIP = NO;
				DEBUG_INFORMATION_FORMAT = dwarf;
				ENABLE_STRICT_OBJC_MSGSEND = YES;
				ENABLE_TESTABILITY = YES;
				GCC_C_LANGUAGE_STANDARD = gnu11;
				GCC_DYNAMIC_NO_PIC = NO;
				GCC_NO_COMMON_BLOCKS = YES;
				GCC_OPTIMIZATION_LEVEL = 0;
				GCC_PREPROCESSOR_DEFINITIONS = (
					"DEBUG=1",
					"$(inherited)",
				);
				GCC_WARN_64_TO_32_BIT_CONVERSION = YES;
				GCC_WARN_ABOUT_RETURN_TYPE = YES_ERROR;
				GCC_WARN_UNDECLARED_SELECTOR = YES;
				GCC_WARN_UNINITIALIZED_AUTOS = YES_AGGRESSIVE;
				GCC_WARN_UNUSED_FUNCTION = YES;
				GCC_WARN_UNUSED_VARIABLE = YES;
				IPHONEOS_DEPLOYMENT_TARGET = 16.0;
				MTL_ENABLE_DEBUG_INFO = INCLUDE_SOURCE;
				MTL_FAST_MATH = YES;
				ONLY_ACTIVE_ARCH = YES;
				SDKROOT = iphoneos;
				SWIFT_ACTIVE_COMPILATION_CONDITIONS = DEBUG;
				SWIFT_OPTIMIZATION_LEVEL = "-Onone";
			};
			name = Debug;
		};
		50DCF13A291A573A001A17A8 /* Release */ = {
			isa = XCBuildConfiguration;
			buildSettings = {
				ALWAYS_SEARCH_USER_PATHS = NO;
				CLANG_ANALYZER_NONNULL = YES;
				CLANG_ANALYZER_NUMBER_OBJECT_CONVERSION = YES_AGGRESSIVE;
				CLANG_CXX_LANGUAGE_STANDARD = "gnu++20";
				CLANG_ENABLE_MODULES = YES;
				CLANG_ENABLE_OBJC_ARC = YES;
				CLANG_ENABLE_OBJC_WEAK = YES;
				CLANG_WARN_BLOCK_CAPTURE_AUTORELEASING = YES;
				CLANG_WARN_BOOL_CONVERSION = YES;
				CLANG_WARN_COMMA = YES;
				CLANG_WARN_CONSTANT_CONVERSION = YES;
				CLANG_WARN_DEPRECATED_OBJC_IMPLEMENTATIONS = YES;
				CLANG_WARN_DIRECT_OBJC_ISA_USAGE = YES_ERROR;
				CLANG_WARN_DOCUMENTATION_COMMENTS = YES;
				CLANG_WARN_EMPTY_BODY = YES;
				CLANG_WARN_ENUM_CONVERSION = YES;
				CLANG_WARN_INFINITE_RECURSION = YES;
				CLANG_WARN_INT_CONVERSION = YES;
				CLANG_WARN_NON_LITERAL_NULL_CONVERSION = YES;
				CLANG_WARN_OBJC_IMPLICIT_RETAIN_SELF = YES;
				CLANG_WARN_OBJC_LITERAL_CONVERSION = YES;
				CLANG_WARN_OBJC_ROOT_CLASS = YES_ERROR;
				CLANG_WARN_QUOTED_INCLUDE_IN_FRAMEWORK_HEADER = YES;
				CLANG_WARN_RANGE_LOOP_ANALYSIS = YES;
				CLANG_WARN_STRICT_PROTOTYPES = YES;
				CLANG_WARN_SUSPICIOUS_MOVE = YES;
				CLANG_WARN_UNGUARDED_AVAILABILITY = YES_AGGRESSIVE;
				CLANG_WARN_UNREACHABLE_CODE = YES;
				CLANG_WARN__DUPLICATE_METHOD_MATCH = YES;
				COPY_PHASE_STRIP = NO;
				DEBUG_INFORMATION_FORMAT = "dwarf-with-dsym";
				ENABLE_NS_ASSERTIONS = NO;
				ENABLE_STRICT_OBJC_MSGSEND = YES;
				GCC_C_LANGUAGE_STANDARD = gnu11;
				GCC_NO_COMMON_BLOCKS = YES;
				GCC_WARN_64_TO_32_BIT_CONVERSION = YES;
				GCC_WARN_ABOUT_RETURN_TYPE = YES_ERROR;
				GCC_WARN_UNDECLARED_SELECTOR = YES;
				GCC_WARN_UNINITIALIZED_AUTOS = YES_AGGRESSIVE;
				GCC_WARN_UNUSED_FUNCTION = YES;
				GCC_WARN_UNUSED_VARIABLE = YES;
				IPHONEOS_DEPLOYMENT_TARGET = 16.0;
				MTL_ENABLE_DEBUG_INFO = NO;
				MTL_FAST_MATH = YES;
				SDKROOT = iphoneos;
				SWIFT_COMPILATION_MODE = wholemodule;
				SWIFT_OPTIMIZATION_LEVEL = "-O";
				VALIDATE_PRODUCT = YES;
			};
			name = Release;
		};
		50DCF13C291A573A001A17A8 /* Debug */ = {
			isa = XCBuildConfiguration;
			buildSettings = {
				ASSETCATALOG_COMPILER_APPICON_NAME = AppIcon;
				ASSETCATALOG_COMPILER_GLOBAL_ACCENT_COLOR_NAME = AccentColor;
				CODE_SIGN_STYLE = Automatic;
				CURRENT_PROJECT_VERSION = 1;
				DEVELOPMENT_ASSET_PATHS = "\"Nutritional/Preview Content\"";
				DEVELOPMENT_TEAM = RAMX6HK422;
				ENABLE_PREVIEWS = YES;
				GENERATE_INFOPLIST_FILE = YES;
				INFOPLIST_KEY_UIApplicationSceneManifest_Generation = YES;
				INFOPLIST_KEY_UIApplicationSupportsIndirectInputEvents = YES;
				INFOPLIST_KEY_UILaunchScreen_Generation = YES;
				INFOPLIST_KEY_UISupportedInterfaceOrientations_iPad = "UIInterfaceOrientationPortrait UIInterfaceOrientationPortraitUpsideDown UIInterfaceOrientationLandscapeLeft UIInterfaceOrientationLandscapeRight";
				INFOPLIST_KEY_UISupportedInterfaceOrientations_iPhone = "UIInterfaceOrientationPortrait UIInterfaceOrientationLandscapeLeft UIInterfaceOrientationLandscapeRight";
				LD_RUNPATH_SEARCH_PATHS = (
					"$(inherited)",
					"@executable_path/Frameworks",
				);
				MARKETING_VERSION = 1.0;
				PRODUCT_BUNDLE_IDENTIFIER = com.assignment.Nutritional;
				PRODUCT_NAME = "$(TARGET_NAME)";
				SWIFT_EMIT_LOC_STRINGS = YES;
				SWIFT_VERSION = 5.0;
				TARGETED_DEVICE_FAMILY = "1,2";
			};
			name = Debug;
		};
		50DCF13D291A573A001A17A8 /* Release */ = {
			isa = XCBuildConfiguration;
			buildSettings = {
				ASSETCATALOG_COMPILER_APPICON_NAME = AppIcon;
				ASSETCATALOG_COMPILER_GLOBAL_ACCENT_COLOR_NAME = AccentColor;
				CODE_SIGN_STYLE = Automatic;
				CURRENT_PROJECT_VERSION = 1;
				DEVELOPMENT_ASSET_PATHS = "\"Nutritional/Preview Content\"";
				DEVELOPMENT_TEAM = RAMX6HK422;
				ENABLE_PREVIEWS = YES;
				GENERATE_INFOPLIST_FILE = YES;
				INFOPLIST_KEY_UIApplicationSceneManifest_Generation = YES;
				INFOPLIST_KEY_UIApplicationSupportsIndirectInputEvents = YES;
				INFOPLIST_KEY_UILaunchScreen_Generation = YES;
				INFOPLIST_KEY_UISupportedInterfaceOrientations_iPad = "UIInterfaceOrientationPortrait UIInterfaceOrientationPortraitUpsideDown UIInterfaceOrientationLandscapeLeft UIInterfaceOrientationLandscapeRight";
				INFOPLIST_KEY_UISupportedInterfaceOrientations_iPhone = "UIInterfaceOrientationPortrait UIInterfaceOrientationLandscapeLeft UIInterfaceOrientationLandscapeRight";
				LD_RUNPATH_SEARCH_PATHS = (
					"$(inherited)",
					"@executable_path/Frameworks",
				);
				MARKETING_VERSION = 1.0;
				PRODUCT_BUNDLE_IDENTIFIER = com.assignment.Nutritional;
				PRODUCT_NAME = "$(TARGET_NAME)";
				SWIFT_EMIT_LOC_STRINGS = YES;
				SWIFT_VERSION = 5.0;
				TARGETED_DEVICE_FAMILY = "1,2";
			};
			name = Release;
		};
		50DCF159291A5DC9001A17A8 /* Debug */ = {
			isa = XCBuildConfiguration;
			buildSettings = {
				BUNDLE_LOADER = "$(TEST_HOST)";
				CLANG_ENABLE_MODULES = YES;
				CODE_SIGN_STYLE = Automatic;
				CURRENT_PROJECT_VERSION = 1;
				DEVELOPMENT_TEAM = RAMX6HK422;
				GENERATE_INFOPLIST_FILE = YES;
				LD_RUNPATH_SEARCH_PATHS = (
					"$(inherited)",
					"@executable_path/Frameworks",
					"@loader_path/Frameworks",
				);
				MARKETING_VERSION = 1.0;
				PRODUCT_BUNDLE_IDENTIFIER = com.assignment.NutritionalTests;
				PRODUCT_NAME = "$(TARGET_NAME)";
				SWIFT_EMIT_LOC_STRINGS = NO;
				SWIFT_OPTIMIZATION_LEVEL = "-Onone";
				SWIFT_VERSION = 5.0;
				TARGETED_DEVICE_FAMILY = "1,2";
				TEST_HOST = "$(BUILT_PRODUCTS_DIR)/Nutritional.app/$(BUNDLE_EXECUTABLE_FOLDER_PATH)/Nutritional";
			};
			name = Debug;
		};
		50DCF15A291A5DC9001A17A8 /* Release */ = {
			isa = XCBuildConfiguration;
			buildSettings = {
				BUNDLE_LOADER = "$(TEST_HOST)";
				CLANG_ENABLE_MODULES = YES;
				CODE_SIGN_STYLE = Automatic;
				CURRENT_PROJECT_VERSION = 1;
				DEVELOPMENT_TEAM = RAMX6HK422;
				GENERATE_INFOPLIST_FILE = YES;
				LD_RUNPATH_SEARCH_PATHS = (
					"$(inherited)",
					"@executable_path/Frameworks",
					"@loader_path/Frameworks",
				);
				MARKETING_VERSION = 1.0;
				PRODUCT_BUNDLE_IDENTIFIER = com.assignment.NutritionalTests;
				PRODUCT_NAME = "$(TARGET_NAME)";
				SWIFT_EMIT_LOC_STRINGS = NO;
				SWIFT_VERSION = 5.0;
				TARGETED_DEVICE_FAMILY = "1,2";
				TEST_HOST = "$(BUILT_PRODUCTS_DIR)/Nutritional.app/$(BUNDLE_EXECUTABLE_FOLDER_PATH)/Nutritional";
			};
			name = Release;
		};
/* End XCBuildConfiguration section */

/* Begin XCConfigurationList section */
		50DCF128291A5738001A17A8 /* Build configuration list for PBXProject "Nutritional" */ = {
			isa = XCConfigurationList;
			buildConfigurations = (
				50DCF139291A573A001A17A8 /* Debug */,
				50DCF13A291A573A001A17A8 /* Release */,
			);
			defaultConfigurationIsVisible = 0;
			defaultConfigurationName = Release;
		};
		50DCF13B291A573A001A17A8 /* Build configuration list for PBXNativeTarget "Nutritional" */ = {
			isa = XCConfigurationList;
			buildConfigurations = (
				50DCF13C291A573A001A17A8 /* Debug */,
				50DCF13D291A573A001A17A8 /* Release */,
			);
			defaultConfigurationIsVisible = 0;
			defaultConfigurationName = Release;
		};
		50DCF158291A5DC9001A17A8 /* Build configuration list for PBXNativeTarget "NutritionalTests" */ = {
			isa = XCConfigurationList;
			buildConfigurations = (
				50DCF159291A5DC9001A17A8 /* Debug */,
				50DCF15A291A5DC9001A17A8 /* Release */,
			);
			defaultConfigurationIsVisible = 0;
			defaultConfigurationName = Release;
		};
/* End XCConfigurationList section */
	};
	rootObject = 50DCF125291A5738001A17A8 /* Project object */;
}
